// !$*UTF8*$!
{
	archiveVersion = 1;
	classes = {
	};
	objectVersion = 48;
	objects = {

/* Begin PBXBuildFile section */
		6C0DB6B4202909E7003F2971 /* AppDelegate.swift in Sources */ = {isa = PBXBuildFile; fileRef = 6C0DB6B3202909E7003F2971 /* AppDelegate.swift */; };
		6C0DB6B6202909E7003F2971 /* ViewController.swift in Sources */ = {isa = PBXBuildFile; fileRef = 6C0DB6B5202909E7003F2971 /* ViewController.swift */; };
		6C0DB6BB202909E7003F2971 /* Assets.xcassets in Resources */ = {isa = PBXBuildFile; fileRef = 6C0DB6BA202909E7003F2971 /* Assets.xcassets */; };
		6C0DB6BE202909E7003F2971 /* LaunchScreen.storyboard in Resources */ = {isa = PBXBuildFile; fileRef = 6C0DB6BC202909E7003F2971 /* LaunchScreen.storyboard */; };
		6C0DB6C620291515003F2971 /* SnapKit.framework in Frameworks */ = {isa = PBXBuildFile; fileRef = 6C0DB6C520291514003F2971 /* SnapKit.framework */; };
		6C0DB6C720291515003F2971 /* SnapKit.framework in Embed Frameworks */ = {isa = PBXBuildFile; fileRef = 6C0DB6C520291514003F2971 /* SnapKit.framework */; settings = {ATTRIBUTES = (CodeSignOnCopy, RemoveHeadersOnCopy, ); }; };
		6C1829E5202915C60091BEA3 /* imports.swift in Sources */ = {isa = PBXBuildFile; fileRef = 6C1829E4202915C60091BEA3 /* imports.swift */; };
		6C558E95202D549E00057B0D /* Result.framework in Frameworks */ = {isa = PBXBuildFile; fileRef = 6C558E94202D549D00057B0D /* Result.framework */; };
		6C558E96202D549E00057B0D /* Result.framework in Embed Frameworks */ = {isa = PBXBuildFile; fileRef = 6C558E94202D549D00057B0D /* Result.framework */; settings = {ATTRIBUTES = (CodeSignOnCopy, RemoveHeadersOnCopy, ); }; };
		6C63B7F922449E1D00B24F48 /* Pulley.framework in Frameworks */ = {isa = PBXBuildFile; fileRef = 6C63B7F822449E1D00B24F48 /* Pulley.framework */; };
		6C63B7FA22449E2700B24F48 /* Pulley.framework in Embed Frameworks */ = {isa = PBXBuildFile; fileRef = 6C63B7F822449E1D00B24F48 /* Pulley.framework */; settings = {ATTRIBUTES = (CodeSignOnCopy, RemoveHeadersOnCopy, ); }; };
		6C6AB8F420326C000014B5E3 /* Utils.swift in Sources */ = {isa = PBXBuildFile; fileRef = 6C6AB8F320326C000014B5E3 /* Utils.swift */; };
		6CF1C55C207D732D0046716D /* PrototypeKitTests.swift in Sources */ = {isa = PBXBuildFile; fileRef = 6CF1C55B207D732D0046716D /* PrototypeKitTests.swift */; };
/* End PBXBuildFile section */

/* Begin PBXCopyFilesBuildPhase section */
		6C0DB6C820291515003F2971 /* Embed Frameworks */ = {
			isa = PBXCopyFilesBuildPhase;
			buildActionMask = 2147483647;
			dstPath = "";
			dstSubfolderSpec = 10;
			files = (
				6C558E96202D549E00057B0D /* Result.framework in Embed Frameworks */,
				6C0DB6C720291515003F2971 /* SnapKit.framework in Embed Frameworks */,
				6C63B7FA22449E2700B24F48 /* Pulley.framework in Embed Frameworks */,
			);
			name = "Embed Frameworks";
			runOnlyForDeploymentPostprocessing = 0;
		};
/* End PBXCopyFilesBuildPhase section */

/* Begin PBXFileReference section */
		6C0DB6B0202909E7003F2971 /* PrototypeKit.app */ = {isa = PBXFileReference; explicitFileType = wrapper.application; includeInIndex = 0; path = PrototypeKit.app; sourceTree = BUILT_PRODUCTS_DIR; };
		6C0DB6B3202909E7003F2971 /* AppDelegate.swift */ = {isa = PBXFileReference; lastKnownFileType = sourcecode.swift; path = AppDelegate.swift; sourceTree = "<group>"; };
		6C0DB6B5202909E7003F2971 /* ViewController.swift */ = {isa = PBXFileReference; lastKnownFileType = sourcecode.swift; path = ViewController.swift; sourceTree = "<group>"; };
		6C0DB6BA202909E7003F2971 /* Assets.xcassets */ = {isa = PBXFileReference; lastKnownFileType = folder.assetcatalog; path = Assets.xcassets; sourceTree = "<group>"; };
		6C0DB6BD202909E7003F2971 /* Base */ = {isa = PBXFileReference; lastKnownFileType = file.storyboard; name = Base; path = Base.lproj/LaunchScreen.storyboard; sourceTree = "<group>"; };
		6C0DB6BF202909E7003F2971 /* Info.plist */ = {isa = PBXFileReference; lastKnownFileType = text.plist.xml; path = Info.plist; sourceTree = "<group>"; };
		6C0DB6C520291514003F2971 /* SnapKit.framework */ = {isa = PBXFileReference; lastKnownFileType = wrapper.framework; name = SnapKit.framework; path = Carthage/Build/iOS/SnapKit.framework; sourceTree = "<group>"; };
		6C1829E4202915C60091BEA3 /* imports.swift */ = {isa = PBXFileReference; lastKnownFileType = sourcecode.swift; path = imports.swift; sourceTree = "<group>"; };
		6C381D4C2089C407004E0A6A /* PrototypeKit-Bridging-Header.h */ = {isa = PBXFileReference; lastKnownFileType = sourcecode.c.h; path = "PrototypeKit-Bridging-Header.h"; sourceTree = "<group>"; };
		6C558E94202D549D00057B0D /* Result.framework */ = {isa = PBXFileReference; lastKnownFileType = wrapper.framework; name = Result.framework; path = Carthage/Build/iOS/Result.framework; sourceTree = "<group>"; };
		6C63B7F822449E1D00B24F48 /* Pulley.framework */ = {isa = PBXFileReference; lastKnownFileType = wrapper.framework; name = Pulley.framework; path = Carthage/Build/iOS/Pulley.framework; sourceTree = "<group>"; };
		6C6AB8F320326C000014B5E3 /* Utils.swift */ = {isa = PBXFileReference; lastKnownFileType = sourcecode.swift; path = Utils.swift; sourceTree = "<group>"; };
		6CF1C559207D732D0046716D /* PrototypeKitTests.xctest */ = {isa = PBXFileReference; explicitFileType = wrapper.cfbundle; includeInIndex = 0; path = PrototypeKitTests.xctest; sourceTree = BUILT_PRODUCTS_DIR; };
		6CF1C55B207D732D0046716D /* PrototypeKitTests.swift */ = {isa = PBXFileReference; lastKnownFileType = sourcecode.swift; path = PrototypeKitTests.swift; sourceTree = "<group>"; };
		6CF1C55D207D732D0046716D /* Info.plist */ = {isa = PBXFileReference; lastKnownFileType = text.plist.xml; path = Info.plist; sourceTree = "<group>"; };
/* End PBXFileReference section */

/* Begin PBXFrameworksBuildPhase section */
		6C0DB6AD202909E7003F2971 /* Frameworks */ = {
			isa = PBXFrameworksBuildPhase;
			buildActionMask = 2147483647;
			files = (
				6C63B7F922449E1D00B24F48 /* Pulley.framework in Frameworks */,
				6C558E95202D549E00057B0D /* Result.framework in Frameworks */,
				6C0DB6C620291515003F2971 /* SnapKit.framework in Frameworks */,
			);
			runOnlyForDeploymentPostprocessing = 0;
		};
		6CF1C556207D732D0046716D /* Frameworks */ = {
			isa = PBXFrameworksBuildPhase;
			buildActionMask = 2147483647;
			files = (
			);
			runOnlyForDeploymentPostprocessing = 0;
		};
/* End PBXFrameworksBuildPhase section */

/* Begin PBXGroup section */
		6C0DB6A7202909E7003F2971 = {
			isa = PBXGroup;
			children = (
				6C0DB6B2202909E7003F2971 /* PrototypeKit */,
				6CF1C55A207D732D0046716D /* PrototypeKitTests */,
				6C0DB6CA2029153B003F2971 /* Frameworks */,
				6C0DB6B1202909E7003F2971 /* Products */,
			);
			sourceTree = "<group>";
		};
		6C0DB6B1202909E7003F2971 /* Products */ = {
			isa = PBXGroup;
			children = (
				6C0DB6B0202909E7003F2971 /* PrototypeKit.app */,
				6CF1C559207D732D0046716D /* PrototypeKitTests.xctest */,
			);
			name = Products;
			sourceTree = "<group>";
		};
		6C0DB6B2202909E7003F2971 /* PrototypeKit */ = {
			isa = PBXGroup;
			children = (
				6C1829E4202915C60091BEA3 /* imports.swift */,
				6C0DB6B3202909E7003F2971 /* AppDelegate.swift */,
				6C0DB6B5202909E7003F2971 /* ViewController.swift */,
				6C0DB6BA202909E7003F2971 /* Assets.xcassets */,
				6C0DB6BC202909E7003F2971 /* LaunchScreen.storyboard */,
				6C0DB6BF202909E7003F2971 /* Info.plist */,
				6C6AB8F320326C000014B5E3 /* Utils.swift */,
				6C381D4C2089C407004E0A6A /* PrototypeKit-Bridging-Header.h */,
			);
			path = PrototypeKit;
			sourceTree = "<group>";
		};
		6C0DB6CA2029153B003F2971 /* Frameworks */ = {
			isa = PBXGroup;
			children = (
				6C63B7F822449E1D00B24F48 /* Pulley.framework */,
				6C558E94202D549D00057B0D /* Result.framework */,
				6C0DB6C520291514003F2971 /* SnapKit.framework */,
			);
			name = Frameworks;
			sourceTree = "<group>";
		};
		6CF1C55A207D732D0046716D /* PrototypeKitTests */ = {
			isa = PBXGroup;
			children = (
				6CF1C55B207D732D0046716D /* PrototypeKitTests.swift */,
				6CF1C55D207D732D0046716D /* Info.plist */,
			);
			path = PrototypeKitTests;
			sourceTree = "<group>";
		};
/* End PBXGroup section */

/* Begin PBXNativeTarget section */
		6C0DB6AF202909E7003F2971 /* PrototypeKit */ = {
			isa = PBXNativeTarget;
			buildConfigurationList = 6C0DB6C2202909E7003F2971 /* Build configuration list for PBXNativeTarget "PrototypeKit" */;
			buildPhases = (
				6C0DB6AC202909E7003F2971 /* Sources */,
				6C0DB6AD202909E7003F2971 /* Frameworks */,
				6C0DB6AE202909E7003F2971 /* Resources */,
				6C0DB6C820291515003F2971 /* Embed Frameworks */,
			);
			buildRules = (
			);
			dependencies = (
			);
			name = PrototypeKit;
			productName = PrototypeKit;
			productReference = 6C0DB6B0202909E7003F2971 /* PrototypeKit.app */;
			productType = "com.apple.product-type.application";
		};
		6CF1C558207D732D0046716D /* PrototypeKitTests */ = {
			isa = PBXNativeTarget;
			buildConfigurationList = 6CF1C560207D732D0046716D /* Build configuration list for PBXNativeTarget "PrototypeKitTests" */;
			buildPhases = (
				6CF1C555207D732D0046716D /* Sources */,
				6CF1C556207D732D0046716D /* Frameworks */,
				6CF1C557207D732D0046716D /* Resources */,
			);
			buildRules = (
			);
			dependencies = (
			);
			name = PrototypeKitTests;
			productName = PrototypeKitTests;
			productReference = 6CF1C559207D732D0046716D /* PrototypeKitTests.xctest */;
			productType = "com.apple.product-type.bundle.unit-test";
		};
/* End PBXNativeTarget section */

/* Begin PBXProject section */
		6C0DB6A8202909E7003F2971 /* Project object */ = {
			isa = PBXProject;
			attributes = {
				LastSwiftUpdateCheck = 0920;
				LastUpgradeCheck = 1010;
				ORGANIZATIONNAME = nickTD;
				TargetAttributes = {
					6C0DB6AF202909E7003F2971 = {
						CreatedOnToolsVersion = 9.2;
						LastSwiftMigration = 0920;
						ProvisioningStyle = Automatic;
					};
					6CF1C558207D732D0046716D = {
						CreatedOnToolsVersion = 9.2;
						ProvisioningStyle = Automatic;
					};
				};
			};
			buildConfigurationList = 6C0DB6AB202909E7003F2971 /* Build configuration list for PBXProject "PrototypeKit" */;
			compatibilityVersion = "Xcode 8.0";
			developmentRegion = en;
			hasScannedForEncodings = 0;
			knownRegions = (
				en,
				Base,
			);
			mainGroup = 6C0DB6A7202909E7003F2971;
			productRefGroup = 6C0DB6B1202909E7003F2971 /* Products */;
			projectDirPath = "";
			projectRoot = "";
			targets = (
				6C0DB6AF202909E7003F2971 /* PrototypeKit */,
				6CF1C558207D732D0046716D /* PrototypeKitTests */,
			);
		};
/* End PBXProject section */

/* Begin PBXResourcesBuildPhase section */
		6C0DB6AE202909E7003F2971 /* Resources */ = {
			isa = PBXResourcesBuildPhase;
			buildActionMask = 2147483647;
			files = (
				6C0DB6BE202909E7003F2971 /* LaunchScreen.storyboard in Resources */,
				6C0DB6BB202909E7003F2971 /* Assets.xcassets in Resources */,
			);
			runOnlyForDeploymentPostprocessing = 0;
		};
		6CF1C557207D732D0046716D /* Resources */ = {
			isa = PBXResourcesBuildPhase;
			buildActionMask = 2147483647;
			files = (
			);
			runOnlyForDeploymentPostprocessing = 0;
		};
/* End PBXResourcesBuildPhase section */

/* Begin PBXSourcesBuildPhase section */
		6C0DB6AC202909E7003F2971 /* Sources */ = {
			isa = PBXSourcesBuildPhase;
			buildActionMask = 2147483647;
			files = (
				6C0DB6B6202909E7003F2971 /* ViewController.swift in Sources */,
				6C0DB6B4202909E7003F2971 /* AppDelegate.swift in Sources */,
				6C1829E5202915C60091BEA3 /* imports.swift in Sources */,
				6C6AB8F420326C000014B5E3 /* Utils.swift in Sources */,
			);
			runOnlyForDeploymentPostprocessing = 0;
		};
		6CF1C555207D732D0046716D /* Sources */ = {
			isa = PBXSourcesBuildPhase;
			buildActionMask = 2147483647;
			files = (
				6CF1C55C207D732D0046716D /* PrototypeKitTests.swift in Sources */,
			);
			runOnlyForDeploymentPostprocessing = 0;
		};
/* End PBXSourcesBuildPhase section */

/* Begin PBXVariantGroup section */
		6C0DB6BC202909E7003F2971 /* LaunchScreen.storyboard */ = {
			isa = PBXVariantGroup;
			children = (
				6C0DB6BD202909E7003F2971 /* Base */,
			);
			name = LaunchScreen.storyboard;
			sourceTree = "<group>";
		};
/* End PBXVariantGroup section */

/* Begin XCBuildConfiguration section */
		6C0DB6C0202909E7003F2971 /* Debug */ = {
			isa = XCBuildConfiguration;
			buildSettings = {
				ALWAYS_SEARCH_USER_PATHS = NO;
				CLANG_ANALYZER_NONNULL = YES;
				CLANG_ANALYZER_NUMBER_OBJECT_CONVERSION = YES_AGGRESSIVE;
				CLANG_CXX_LANGUAGE_STANDARD = "gnu++14";
				CLANG_CXX_LIBRARY = "libc++";
				CLANG_ENABLE_MODULES = YES;
				CLANG_ENABLE_OBJC_ARC = YES;
				CLANG_WARN_BLOCK_CAPTURE_AUTORELEASING = YES;
				CLANG_WARN_BOOL_CONVERSION = YES;
				CLANG_WARN_COMMA = YES;
				CLANG_WARN_CONSTANT_CONVERSION = YES;
				CLANG_WARN_DEPRECATED_OBJC_IMPLEMENTATIONS = YES;
				CLANG_WARN_DIRECT_OBJC_ISA_USAGE = YES_ERROR;
				CLANG_WARN_DOCUMENTATION_COMMENTS = YES;
				CLANG_WARN_EMPTY_BODY = YES;
				CLANG_WARN_ENUM_CONVERSION = YES;
				CLANG_WARN_INFINITE_RECURSION = YES;
				CLANG_WARN_INT_CONVERSION = YES;
				CLANG_WARN_NON_LITERAL_NULL_CONVERSION = YES;
				CLANG_WARN_OBJC_IMPLICIT_RETAIN_SELF = YES;
				CLANG_WARN_OBJC_LITERAL_CONVERSION = YES;
				CLANG_WARN_OBJC_ROOT_CLASS = YES_ERROR;
				CLANG_WARN_RANGE_LOOP_ANALYSIS = YES;
				CLANG_WARN_STRICT_PROTOTYPES = YES;
				CLANG_WARN_SUSPICIOUS_MOVE = YES;
				CLANG_WARN_UNGUARDED_AVAILABILITY = YES_AGGRESSIVE;
				CLANG_WARN_UNREACHABLE_CODE = YES;
				CLANG_WARN__DUPLICATE_METHOD_MATCH = YES;
				CODE_SIGN_IDENTITY = "iPhone Developer";
				COPY_PHASE_STRIP = NO;
				DEBUG_INFORMATION_FORMAT = dwarf;
				ENABLE_STRICT_OBJC_MSGSEND = YES;
				ENABLE_TESTABILITY = YES;
				GCC_C_LANGUAGE_STANDARD = gnu11;
				GCC_DYNAMIC_NO_PIC = NO;
				GCC_NO_COMMON_BLOCKS = YES;
				GCC_OPTIMIZATION_LEVEL = 0;
				GCC_PREPROCESSOR_DEFINITIONS = (
					"DEBUG=1",
					"$(inherited)",
				);
				GCC_WARN_64_TO_32_BIT_CONVERSION = YES;
				GCC_WARN_ABOUT_RETURN_TYPE = YES_ERROR;
				GCC_WARN_UNDECLARED_SELECTOR = YES;
				GCC_WARN_UNINITIALIZED_AUTOS = YES_AGGRESSIVE;
				GCC_WARN_UNUSED_FUNCTION = YES;
				GCC_WARN_UNUSED_VARIABLE = YES;
				IPHONEOS_DEPLOYMENT_TARGET = 11.2;
				MTL_ENABLE_DEBUG_INFO = YES;
				ONLY_ACTIVE_ARCH = YES;
				SDKROOT = iphoneos;
				SWIFT_ACTIVE_COMPILATION_CONDITIONS = DEBUG;
				SWIFT_OPTIMIZATION_LEVEL = "-Onone";
			};
			name = Debug;
		};
		6C0DB6C1202909E7003F2971 /* Release */ = {
			isa = XCBuildConfiguration;
			buildSettings = {
				ALWAYS_SEARCH_USER_PATHS = NO;
				CLANG_ANALYZER_NONNULL = YES;
				CLANG_ANALYZER_NUMBER_OBJECT_CONVERSION = YES_AGGRESSIVE;
				CLANG_CXX_LANGUAGE_STANDARD = "gnu++14";
				CLANG_CXX_LIBRARY = "libc++";
				CLANG_ENABLE_MODULES = YES;
				CLANG_ENABLE_OBJC_ARC = YES;
				CLANG_WARN_BLOCK_CAPTURE_AUTORELEASING = YES;
				CLANG_WARN_BOOL_CONVERSION = YES;
				CLANG_WARN_COMMA = YES;
				CLANG_WARN_CONSTANT_CONVERSION = YES;
				CLANG_WARN_DEPRECATED_OBJC_IMPLEMENTATIONS = YES;
				CLANG_WARN_DIRECT_OBJC_ISA_USAGE = YES_ERROR;
				CLANG_WARN_DOCUMENTATION_COMMENTS = YES;
				CLANG_WARN_EMPTY_BODY = YES;
				CLANG_WARN_ENUM_CONVERSION = YES;
				CLANG_WARN_INFINITE_RECURSION = YES;
				CLANG_WARN_INT_CONVERSION = YES;
				CLANG_WARN_NON_LITERAL_NULL_CONVERSION = YES;
				CLANG_WARN_OBJC_IMPLICIT_RETAIN_SELF = YES;
				CLANG_WARN_OBJC_LITERAL_CONVERSION = YES;
				CLANG_WARN_OBJC_ROOT_CLASS = YES_ERROR;
				CLANG_WARN_RANGE_LOOP_ANALYSIS = YES;
				CLANG_WARN_STRICT_PROTOTYPES = YES;
				CLANG_WARN_SUSPICIOUS_MOVE = YES;
				CLANG_WARN_UNGUARDED_AVAILABILITY = YES_AGGRESSIVE;
				CLANG_WARN_UNREACHABLE_CODE = YES;
				CLANG_WARN__DUPLICATE_METHOD_MATCH = YES;
				CODE_SIGN_IDENTITY = "iPhone Developer";
				COPY_PHASE_STRIP = NO;
				DEBUG_INFORMATION_FORMAT = "dwarf-with-dsym";
				ENABLE_NS_ASSERTIONS = NO;
				ENABLE_STRICT_OBJC_MSGSEND = YES;
				GCC_C_LANGUAGE_STANDARD = gnu11;
				GCC_NO_COMMON_BLOCKS = YES;
				GCC_WARN_64_TO_32_BIT_CONVERSION = YES;
				GCC_WARN_ABOUT_RETURN_TYPE = YES_ERROR;
				GCC_WARN_UNDECLARED_SELECTOR = YES;
				GCC_WARN_UNINITIALIZED_AUTOS = YES_AGGRESSIVE;
				GCC_WARN_UNUSED_FUNCTION = YES;
				GCC_WARN_UNUSED_VARIABLE = YES;
				IPHONEOS_DEPLOYMENT_TARGET = 11.2;
				MTL_ENABLE_DEBUG_INFO = NO;
				SDKROOT = iphoneos;
				SWIFT_OPTIMIZATION_LEVEL = "-Owholemodule";
				VALIDATE_PRODUCT = YES;
			};
			name = Release;
		};
		6C0DB6C3202909E7003F2971 /* Debug */ = {
			isa = XCBuildConfiguration;
			buildSettings = {
				ASSETCATALOG_COMPILER_APPICON_NAME = AppIcon;
				CLANG_ENABLE_MODULES = YES;
				CODE_SIGN_STYLE = Automatic;
				FRAMEWORK_SEARCH_PATHS = (
					"$(inherited)",
					"$(PROJECT_DIR)/Carthage/Build/iOS",
				);
				INFOPLIST_FILE = PrototypeKit/Info.plist;
				IPHONEOS_DEPLOYMENT_TARGET = 11.0;
				LD_RUNPATH_SEARCH_PATHS = "$(inherited) @executable_path/Frameworks";
				PRODUCT_BUNDLE_IDENTIFIER = com.nickTD.PrototypeKit;
				PRODUCT_NAME = "$(TARGET_NAME)";
				SWIFT_OBJC_BRIDGING_HEADER = "PrototypeKit/PrototypeKit-Bridging-Header.h";
				SWIFT_OPTIMIZATION_LEVEL = "-Onone";
				SWIFT_VERSION = 4.0;
				TARGETED_DEVICE_FAMILY = "1,2";
			};
			name = Debug;
		};
		6C0DB6C4202909E7003F2971 /* Release */ = {
			isa = XCBuildConfiguration;
			buildSettings = {
				ASSETCATALOG_COMPILER_APPICON_NAME = AppIcon;
				CLANG_ENABLE_MODULES = YES;
				CODE_SIGN_STYLE = Automatic;
				FRAMEWORK_SEARCH_PATHS = (
					"$(inherited)",
					"$(PROJECT_DIR)/Carthage/Build/iOS",
				);
				INFOPLIST_FILE = PrototypeKit/Info.plist;
				IPHONEOS_DEPLOYMENT_TARGET = 11.0;
				LD_RUNPATH_SEARCH_PATHS = "$(inherited) @executable_path/Frameworks";
				PRODUCT_BUNDLE_IDENTIFIER = com.nickTD.PrototypeKit;
				PRODUCT_NAME = "$(TARGET_NAME)";
				SWIFT_OBJC_BRIDGING_HEADER = "PrototypeKit/PrototypeKit-Bridging-Header.h";
				SWIFT_VERSION = 4.0;
				TARGETED_DEVICE_FAMILY = "1,2";
			};
			name = Release;
		};
		6CF1C55E207D732D0046716D /* Debug */ = {
			isa = XCBuildConfiguration;
			buildSettings = {
				CODE_SIGN_STYLE = Automatic;
				INFOPLIST_FILE = PrototypeKitTests/Info.plist;
				LD_RUNPATH_SEARCH_PATHS = "$(inherited) @executable_path/Frameworks @loader_path/Frameworks";
				PRODUCT_BUNDLE_IDENTIFIER = com.nickTD.PrototypeKitTests;
				PRODUCT_NAME = "$(TARGET_NAME)";
				SWIFT_VERSION = 4.0;
				TARGETED_DEVICE_FAMILY = "1,2";
			};
			name = Debug;
		};
		6CF1C55F207D732D0046716D /* Release */ = {
			isa = XCBuildConfiguration;
			buildSettings = {
				CODE_SIGN_STYLE = Automatic;
				INFOPLIST_FILE = PrototypeKitTests/Info.plist;
				LD_RUNPATH_SEARCH_PATHS = "$(inherited) @executable_path/Frameworks @loader_path/Frameworks";
				PRODUCT_BUNDLE_IDENTIFIER = com.nickTD.PrototypeKitTests;
				PRODUCT_NAME = "$(TARGET_NAME)";
				SWIFT_VERSION = 4.0;
				TARGETED_DEVICE_FAMILY = "1,2";
			};
			name = Release;
		};
/* End XCBuildConfiguration section */

/* Begin XCConfigurationList section */
		6C0DB6AB202909E7003F2971 /* Build configuration list for PBXProject "PrototypeKit" */ = {
			isa = XCConfigurationList;
			buildConfigurations = (
				6C0DB6C0202909E7003F2971 /* Debug */,
				6C0DB6C1202909E7003F2971 /* Release */,
			);
			defaultConfigurationIsVisible = 0;
			defaultConfigurationName = Release;
		};
		6C0DB6C2202909E7003F2971 /* Build configuration list for PBXNativeTarget "PrototypeKit" */ = {
			isa = XCConfigurationList;
			buildConfigurations = (
				6C0DB6C3202909E7003F2971 /* Debug */,
				6C0DB6C4202909E7003F2971 /* Release */,
			);
			defaultConfigurationIsVisible = 0;
			defaultConfigurationName = Release;
		};
		6CF1C560207D732D0046716D /* Build configuration list for PBXNativeTarget "PrototypeKitTests" */ = {
			isa = XCConfigurationList;
			buildConfigurations = (
				6CF1C55E207D732D0046716D /* Debug */,
				6CF1C55F207D732D0046716D /* Release */,
			);
			defaultConfigurationIsVisible = 0;
			defaultConfigurationName = Release;
		};
/* End XCConfigurationList section */
	};
	rootObject = 6C0DB6A8202909E7003F2971 /* Project object */;
}
